
Microsoft Visual Studio Solution File, Format Version 12.00
Project("{FAE04EC0-301F-11D3-BF4B-00C04F79EFBC}") = "FileKeeper.Core", "FileKeeper.Core\FileKeeper.Core.csproj", "{BA53EAC1-6758-4C30-BD75-109544404278}"
EndProject
Project("{FAE04EC0-301F-11D3-BF4B-00C04F79EFBC}") = "FileKeeper.Tests", "FileKeeper.Tests\FileKeeper.Tests.csproj", "{D2AA97B7-3555-430C-8179-864CE5D5C5AA}"
EndProject
Global
	GlobalSection(SolutionConfigurationPlatforms) = preSolution
		Debug|Any CPU = Debug|Any CPU
		Release|Any CPU = Release|Any CPU
	EndGlobalSection
	GlobalSection(ProjectConfigurationPlatforms) = postSolution
		{BA53EAC1-6758-4C30-BD75-109544404278}.Debug|Any CPU.ActiveCfg = Debug|Any CPU
		{BA53EAC1-6758-4C30-BD75-109544404278}.Debug|Any CPU.Build.0 = Debug|Any CPU
		{BA53EAC1-6758-4C30-BD75-109544404278}.Release|Any CPU.ActiveCfg = Release|Any CPU
		{BA53EAC1-6758-4C30-BD75-109544404278}.Release|Any CPU.Build.0 = Release|Any CPU
		{D2AA97B7-3555-430C-8179-864CE5D5C5AA}.Debug|Any CPU.ActiveCfg = Debug|Any CPU
		{D2AA97B7-3555-430C-8179-864CE5D5C5AA}.Debug|Any CPU.Build.0 = Debug|Any CPU
		{D2AA97B7-3555-430C-8179-864CE5D5C5AA}.Release|Any CPU.ActiveCfg = Release|Any CPU
		{D2AA97B7-3555-430C-8179-864CE5D5C5AA}.Release|Any CPU.Build.0 = Release|Any CPU
	EndGlobalSection
EndGlobal
