Microsoft Visual Studio Solution File, Format Version 12.00
# Visual Studio Version 17
VisualStudioVersion = 17.5.2.0
MinimumVisualStudioVersion = 10.0.40219.1
Project("{FAE04EC0-301F-11D3-BF4B-00C04F79EFBC}") = "FileKeeper.Core", "FileKeeper.Core.csproj", "{4E8A2667-CDC2-F6A4-B3D8-753F82E0CB83}"
EndProject
Global
	GlobalSection(SolutionConfigurationPlatforms) = preSolution
		Debug|Any CPU = Debug|Any CPU
		Release|Any CPU = Release|Any CPU
	EndGlobalSection
	GlobalSection(ProjectConfigurationPlatforms) = postSolution
		{4E8A2667-CDC2-F6A4-B3D8-753F82E0CB83}.Debug|Any CPU.ActiveCfg = Debug|Any CPU
		{4E8A2667-CDC2-F6A4-B3D8-753F82E0CB83}.Debug|Any CPU.Build.0 = Debug|Any CPU
		{4E8A2667-CDC2-F6A4-B3D8-753F82E0CB83}.Release|Any CPU.ActiveCfg = Release|Any CPU
		{4E8A2667-CDC2-F6A4-B3D8-753F82E0CB83}.Release|Any CPU.Build.0 = Release|Any CPU
	EndGlobalSection
	GlobalSection(SolutionProperties) = preSolution
		HideSolutionNode = FALSE
	EndGlobalSection
	GlobalSection(ExtensibilityGlobals) = postSolution
		SolutionGuid = {8D95143D-20A8-49BD-AF38-878D72F4729E}
	EndGlobalSection
EndGlobal
